
Microsoft Visual Studio Solution File, Format Version 12.00
# Visual Studio 14
VisualStudioVersion = 14.0.25123.0
MinimumVisualStudioVersion = 10.0.40219.1
Project("{A4E07DCD-57B6-491E-A069-CA501E0AB5FA}") = "Sitecore.Support.377713", "Sitecore.Support.377713\Sitecore.Support.377713.csproj", "{EE6F6B21-B7E9-4F35-95DD-6C05586D7030}"
EndProject
Global
	GlobalSection(SolutionConfigurationPlatforms) = preSolution
		Debug|Any CPU = Debug|Any CPU
		Release|Any CPU = Release|Any CPU
	EndGlobalSection
	GlobalSection(ProjectConfigurationPlatforms) = postSolution
		{EE6F6B21-B7E9-4F35-95DD-6C05586D7030}.Debug|Any CPU.ActiveCfg = Debug|Any CPU
		{EE6F6B21-B7E9-4F35-95DD-6C05586D7030}.Debug|Any CPU.Build.0 = Debug|Any CPU
		{EE6F6B21-B7E9-4F35-95DD-6C05586D7030}.Release|Any CPU.ActiveCfg = Release|Any CPU
		{EE6F6B21-B7E9-4F35-95DD-6C05586D7030}.Release|Any CPU.Build.0 = Release|Any CPU
	EndGlobalSection
	GlobalSection(SolutionProperties) = preSolution
		HideSolutionNode = FALSE
	EndGlobalSection
EndGlobal
